// !$*UTF8*$!
{
	archiveVersion = 1;
	classes = {
	};
	objectVersion = 50;
	objects = {

/* Begin PBXBuildFile section */
		6DA8A8FE240C9A75004E313F /* AppDelegate.swift in Sources */ = {isa = PBXBuildFile; fileRef = 6DA8A8FD240C9A75004E313F /* AppDelegate.swift */; };
		6DA8A900240C9A75004E313F /* SceneDelegate.swift in Sources */ = {isa = PBXBuildFile; fileRef = 6DA8A8FF240C9A75004E313F /* SceneDelegate.swift */; };
		6DA8A902240C9A75004E313F /* ViewController.swift in Sources */ = {isa = PBXBuildFile; fileRef = 6DA8A901240C9A75004E313F /* ViewController.swift */; };
		6DA8A905240C9A75004E313F /* Main.storyboard in Resources */ = {isa = PBXBuildFile; fileRef = 6DA8A903240C9A75004E313F /* Main.storyboard */; };
		6DA8A907240C9A7B004E313F /* Assets.xcassets in Resources */ = {isa = PBXBuildFile; fileRef = 6DA8A906240C9A7B004E313F /* Assets.xcassets */; };
		6DA8A90A240C9A7B004E313F /* LaunchScreen.storyboard in Resources */ = {isa = PBXBuildFile; fileRef = 6DA8A908240C9A7B004E313F /* LaunchScreen.storyboard */; };
		B646A54D240C9FED00C3A978 /* JSONUser.swift in Sources */ = {isa = PBXBuildFile; fileRef = B646A54C240C9FED00C3A978 /* JSONUser.swift */; };
		B646A550240CA00E00C3A978 /* FoodTruck.xcdatamodeld in Sources */ = {isa = PBXBuildFile; fileRef = B646A54E240CA00E00C3A978 /* FoodTruck.xcdatamodeld */; };
		B646A552240CA03500C3A978 /* User+Convenience.swift in Sources */ = {isa = PBXBuildFile; fileRef = B646A551240CA03500C3A978 /* User+Convenience.swift */; };
		B646A555240CA05600C3A978 /* CoreDataStack.swift in Sources */ = {isa = PBXBuildFile; fileRef = B646A554240CA05600C3A978 /* CoreDataStack.swift */; };
/* End PBXBuildFile section */

/* Begin PBXFileReference section */
		6DA8A8FA240C9A75004E313F /* FoodTruck.app */ = {isa = PBXFileReference; explicitFileType = wrapper.application; includeInIndex = 0; path = FoodTruck.app; sourceTree = BUILT_PRODUCTS_DIR; };
		6DA8A8FD240C9A75004E313F /* AppDelegate.swift */ = {isa = PBXFileReference; lastKnownFileType = sourcecode.swift; path = AppDelegate.swift; sourceTree = "<group>"; };
		6DA8A8FF240C9A75004E313F /* SceneDelegate.swift */ = {isa = PBXFileReference; lastKnownFileType = sourcecode.swift; path = SceneDelegate.swift; sourceTree = "<group>"; };
		6DA8A901240C9A75004E313F /* ViewController.swift */ = {isa = PBXFileReference; lastKnownFileType = sourcecode.swift; path = ViewController.swift; sourceTree = "<group>"; };
		6DA8A904240C9A75004E313F /* Base */ = {isa = PBXFileReference; lastKnownFileType = file.storyboard; name = Base; path = Base.lproj/Main.storyboard; sourceTree = "<group>"; };
		6DA8A906240C9A7B004E313F /* Assets.xcassets */ = {isa = PBXFileReference; lastKnownFileType = folder.assetcatalog; path = Assets.xcassets; sourceTree = "<group>"; };
		6DA8A909240C9A7B004E313F /* Base */ = {isa = PBXFileReference; lastKnownFileType = file.storyboard; name = Base; path = Base.lproj/LaunchScreen.storyboard; sourceTree = "<group>"; };
		6DA8A90B240C9A7B004E313F /* Info.plist */ = {isa = PBXFileReference; lastKnownFileType = text.plist.xml; path = Info.plist; sourceTree = "<group>"; };
		B646A54C240C9FED00C3A978 /* JSONUser.swift */ = {isa = PBXFileReference; lastKnownFileType = sourcecode.swift; path = JSONUser.swift; sourceTree = "<group>"; };
		B646A54F240CA00E00C3A978 /* FoodTruck.xcdatamodel */ = {isa = PBXFileReference; lastKnownFileType = wrapper.xcdatamodel; path = FoodTruck.xcdatamodel; sourceTree = "<group>"; };
		B646A551240CA03500C3A978 /* User+Convenience.swift */ = {isa = PBXFileReference; lastKnownFileType = sourcecode.swift; path = "User+Convenience.swift"; sourceTree = "<group>"; };
		B646A554240CA05600C3A978 /* CoreDataStack.swift */ = {isa = PBXFileReference; lastKnownFileType = sourcecode.swift; path = CoreDataStack.swift; sourceTree = "<group>"; };
/* End PBXFileReference section */

/* Begin PBXFrameworksBuildPhase section */
		6DA8A8F7240C9A75004E313F /* Frameworks */ = {
			isa = PBXFrameworksBuildPhase;
			buildActionMask = 2147483647;
			files = (
			);
			runOnlyForDeploymentPostprocessing = 0;
		};
/* End PBXFrameworksBuildPhase section */

/* Begin PBXGroup section */
		6DA8A8F1240C9A75004E313F = {
			isa = PBXGroup;
			children = (
				6DA8A8FC240C9A75004E313F /* FoodTruck */,
				6DA8A8FB240C9A75004E313F /* Products */,
			);
			sourceTree = "<group>";
		};
		6DA8A8FB240C9A75004E313F /* Products */ = {
			isa = PBXGroup;
			children = (
				6DA8A8FA240C9A75004E313F /* FoodTruck.app */,
			);
			name = Products;
			sourceTree = "<group>";
		};
		6DA8A8FC240C9A75004E313F /* FoodTruck */ = {
			isa = PBXGroup;
			children = (
				B646A54B240C9FD600C3A978 /* Model */,
				B646A549240C9FC000C3A978 /* Resources */,
				6DA8A901240C9A75004E313F /* ViewController.swift */,
				B646A553240CA04C00C3A978 /* CoreDataStack */,
				B646A54A240C9FC700C3A978 /* Storyboards */,
				6DA8A90B240C9A7B004E313F /* Info.plist */,
			);
			path = FoodTruck;
			sourceTree = "<group>";
		};
		B646A549240C9FC000C3A978 /* Resources */ = {
			isa = PBXGroup;
			children = (
				6DA8A8FD240C9A75004E313F /* AppDelegate.swift */,
				6DA8A8FF240C9A75004E313F /* SceneDelegate.swift */,
				6DA8A906240C9A7B004E313F /* Assets.xcassets */,
			);
			path = Resources;
			sourceTree = "<group>";
		};
		B646A54A240C9FC700C3A978 /* Storyboards */ = {
			isa = PBXGroup;
			children = (
				6DA8A908240C9A7B004E313F /* LaunchScreen.storyboard */,
				6DA8A903240C9A75004E313F /* Main.storyboard */,
			);
			path = Storyboards;
			sourceTree = "<group>";
		};
		B646A54B240C9FD600C3A978 /* Model */ = {
			isa = PBXGroup;
			children = (
				B646A54C240C9FED00C3A978 /* JSONUser.swift */,
				B646A551240CA03500C3A978 /* User+Convenience.swift */,
			);
			path = Model;
			sourceTree = "<group>";
		};
		B646A553240CA04C00C3A978 /* CoreDataStack */ = {
			isa = PBXGroup;
			children = (
				B646A54E240CA00E00C3A978 /* FoodTruck.xcdatamodeld */,
				B646A554240CA05600C3A978 /* CoreDataStack.swift */,
			);
			path = CoreDataStack;
			sourceTree = "<group>";
		};
/* End PBXGroup section */

/* Begin PBXNativeTarget section */
		6DA8A8F9240C9A75004E313F /* FoodTruck */ = {
			isa = PBXNativeTarget;
			buildConfigurationList = 6DA8A90E240C9A7B004E313F /* Build configuration list for PBXNativeTarget "FoodTruck" */;
			buildPhases = (
				6DA8A8F6240C9A75004E313F /* Sources */,
				6DA8A8F7240C9A75004E313F /* Frameworks */,
				6DA8A8F8240C9A75004E313F /* Resources */,
			);
			buildRules = (
			);
			dependencies = (
			);
			name = FoodTruck;
			productName = FoodTruck;
			productReference = 6DA8A8FA240C9A75004E313F /* FoodTruck.app */;
			productType = "com.apple.product-type.application";
		};
/* End PBXNativeTarget section */

/* Begin PBXProject section */
		6DA8A8F2240C9A75004E313F /* Project object */ = {
			isa = PBXProject;
			attributes = {
				LastSwiftUpdateCheck = 1130;
				LastUpgradeCheck = 1130;
				ORGANIZATIONNAME = "Kerby Jean";
				TargetAttributes = {
					6DA8A8F9240C9A75004E313F = {
						CreatedOnToolsVersion = 11.3.1;
					};
				};
			};
			buildConfigurationList = 6DA8A8F5240C9A75004E313F /* Build configuration list for PBXProject "FoodTruck" */;
			compatibilityVersion = "Xcode 9.3";
			developmentRegion = en;
			hasScannedForEncodings = 0;
			knownRegions = (
				en,
				Base,
			);
			mainGroup = 6DA8A8F1240C9A75004E313F;
			productRefGroup = 6DA8A8FB240C9A75004E313F /* Products */;
			projectDirPath = "";
			projectRoot = "";
			targets = (
				6DA8A8F9240C9A75004E313F /* FoodTruck */,
			);
		};
/* End PBXProject section */

/* Begin PBXResourcesBuildPhase section */
		6DA8A8F8240C9A75004E313F /* Resources */ = {
			isa = PBXResourcesBuildPhase;
			buildActionMask = 2147483647;
			files = (
				6DA8A90A240C9A7B004E313F /* LaunchScreen.storyboard in Resources */,
				6DA8A907240C9A7B004E313F /* Assets.xcassets in Resources */,
				6DA8A905240C9A75004E313F /* Main.storyboard in Resources */,
			);
			runOnlyForDeploymentPostprocessing = 0;
		};
/* End PBXResourcesBuildPhase section */

/* Begin PBXSourcesBuildPhase section */
		6DA8A8F6240C9A75004E313F /* Sources */ = {
			isa = PBXSourcesBuildPhase;
			buildActionMask = 2147483647;
			files = (
				B646A555240CA05600C3A978 /* CoreDataStack.swift in Sources */,
				6DA8A902240C9A75004E313F /* ViewController.swift in Sources */,
				B646A54D240C9FED00C3A978 /* JSONUser.swift in Sources */,
				B646A552240CA03500C3A978 /* User+Convenience.swift in Sources */,
				6DA8A8FE240C9A75004E313F /* AppDelegate.swift in Sources */,
				B646A550240CA00E00C3A978 /* FoodTruck.xcdatamodeld in Sources */,
				6DA8A900240C9A75004E313F /* SceneDelegate.swift in Sources */,
			);
			runOnlyForDeploymentPostprocessing = 0;
		};
/* End PBXSourcesBuildPhase section */

/* Begin PBXVariantGroup section */
		6DA8A903240C9A75004E313F /* Main.storyboard */ = {
			isa = PBXVariantGroup;
			children = (
				6DA8A904240C9A75004E313F /* Base */,
			);
			name = Main.storyboard;
			sourceTree = "<group>";
		};
		6DA8A908240C9A7B004E313F /* LaunchScreen.storyboard */ = {
			isa = PBXVariantGroup;
			children = (
				6DA8A909240C9A7B004E313F /* Base */,
			);
			name = LaunchScreen.storyboard;
			sourceTree = "<group>";
		};
/* End PBXVariantGroup section */

/* Begin XCBuildConfiguration section */
		6DA8A90C240C9A7B004E313F /* Debug */ = {
			isa = XCBuildConfiguration;
			buildSettings = {
				ALWAYS_SEARCH_USER_PATHS = NO;
				CLANG_ANALYZER_NONNULL = YES;
				CLANG_ANALYZER_NUMBER_OBJECT_CONVERSION = YES_AGGRESSIVE;
				CLANG_CXX_LANGUAGE_STANDARD = "gnu++14";
				CLANG_CXX_LIBRARY = "libc++";
				CLANG_ENABLE_MODULES = YES;
				CLANG_ENABLE_OBJC_ARC = YES;
				CLANG_ENABLE_OBJC_WEAK = YES;
				CLANG_WARN_BLOCK_CAPTURE_AUTORELEASING = YES;
				CLANG_WARN_BOOL_CONVERSION = YES;
				CLANG_WARN_COMMA = YES;
				CLANG_WARN_CONSTANT_CONVERSION = YES;
				CLANG_WARN_DEPRECATED_OBJC_IMPLEMENTATIONS = YES;
				CLANG_WARN_DIRECT_OBJC_ISA_USAGE = YES_ERROR;
				CLANG_WARN_DOCUMENTATION_COMMENTS = YES;
				CLANG_WARN_EMPTY_BODY = YES;
				CLANG_WARN_ENUM_CONVERSION = YES;
				CLANG_WARN_INFINITE_RECURSION = YES;
				CLANG_WARN_INT_CONVERSION = YES;
				CLANG_WARN_NON_LITERAL_NULL_CONVERSION = YES;
				CLANG_WARN_OBJC_IMPLICIT_RETAIN_SELF = YES;
				CLANG_WARN_OBJC_LITERAL_CONVERSION = YES;
				CLANG_WARN_OBJC_ROOT_CLASS = YES_ERROR;
				CLANG_WARN_RANGE_LOOP_ANALYSIS = YES;
				CLANG_WARN_STRICT_PROTOTYPES = YES;
				CLANG_WARN_SUSPICIOUS_MOVE = YES;
				CLANG_WARN_UNGUARDED_AVAILABILITY = YES_AGGRESSIVE;
				CLANG_WARN_UNREACHABLE_CODE = YES;
				CLANG_WARN__DUPLICATE_METHOD_MATCH = YES;
				COPY_PHASE_STRIP = NO;
				DEBUG_INFORMATION_FORMAT = dwarf;
				ENABLE_STRICT_OBJC_MSGSEND = YES;
				ENABLE_TESTABILITY = YES;
				GCC_C_LANGUAGE_STANDARD = gnu11;
				GCC_DYNAMIC_NO_PIC = NO;
				GCC_NO_COMMON_BLOCKS = YES;
				GCC_OPTIMIZATION_LEVEL = 0;
				GCC_PREPROCESSOR_DEFINITIONS = (
					"DEBUG=1",
					"$(inherited)",
				);
				GCC_WARN_64_TO_32_BIT_CONVERSION = YES;
				GCC_WARN_ABOUT_RETURN_TYPE = YES_ERROR;
				GCC_WARN_UNDECLARED_SELECTOR = YES;
				GCC_WARN_UNINITIALIZED_AUTOS = YES_AGGRESSIVE;
				GCC_WARN_UNUSED_FUNCTION = YES;
				GCC_WARN_UNUSED_VARIABLE = YES;
				IPHONEOS_DEPLOYMENT_TARGET = 13.2;
				MTL_ENABLE_DEBUG_INFO = INCLUDE_SOURCE;
				MTL_FAST_MATH = YES;
				ONLY_ACTIVE_ARCH = YES;
				SDKROOT = iphoneos;
				SWIFT_ACTIVE_COMPILATION_CONDITIONS = DEBUG;
				SWIFT_OPTIMIZATION_LEVEL = "-Onone";
			};
			name = Debug;
		};
		6DA8A90D240C9A7B004E313F /* Release */ = {
			isa = XCBuildConfiguration;
			buildSettings = {
				ALWAYS_SEARCH_USER_PATHS = NO;
				CLANG_ANALYZER_NONNULL = YES;
				CLANG_ANALYZER_NUMBER_OBJECT_CONVERSION = YES_AGGRESSIVE;
				CLANG_CXX_LANGUAGE_STANDARD = "gnu++14";
				CLANG_CXX_LIBRARY = "libc++";
				CLANG_ENABLE_MODULES = YES;
				CLANG_ENABLE_OBJC_ARC = YES;
				CLANG_ENABLE_OBJC_WEAK = YES;
				CLANG_WARN_BLOCK_CAPTURE_AUTORELEASING = YES;
				CLANG_WARN_BOOL_CONVERSION = YES;
				CLANG_WARN_COMMA = YES;
				CLANG_WARN_CONSTANT_CONVERSION = YES;
				CLANG_WARN_DEPRECATED_OBJC_IMPLEMENTATIONS = YES;
				CLANG_WARN_DIRECT_OBJC_ISA_USAGE = YES_ERROR;
				CLANG_WARN_DOCUMENTATION_COMMENTS = YES;
				CLANG_WARN_EMPTY_BODY = YES;
				CLANG_WARN_ENUM_CONVERSION = YES;
				CLANG_WARN_INFINITE_RECURSION = YES;
				CLANG_WARN_INT_CONVERSION = YES;
				CLANG_WARN_NON_LITERAL_NULL_CONVERSION = YES;
				CLANG_WARN_OBJC_IMPLICIT_RETAIN_SELF = YES;
				CLANG_WARN_OBJC_LITERAL_CONVERSION = YES;
				CLANG_WARN_OBJC_ROOT_CLASS = YES_ERROR;
				CLANG_WARN_RANGE_LOOP_ANALYSIS = YES;
				CLANG_WARN_STRICT_PROTOTYPES = YES;
				CLANG_WARN_SUSPICIOUS_MOVE = YES;
				CLANG_WARN_UNGUARDED_AVAILABILITY = YES_AGGRESSIVE;
				CLANG_WARN_UNREACHABLE_CODE = YES;
				CLANG_WARN__DUPLICATE_METHOD_MATCH = YES;
				COPY_PHASE_STRIP = NO;
				DEBUG_INFORMATION_FORMAT = "dwarf-with-dsym";
				ENABLE_NS_ASSERTIONS = NO;
				ENABLE_STRICT_OBJC_MSGSEND = YES;
				GCC_C_LANGUAGE_STANDARD = gnu11;
				GCC_NO_COMMON_BLOCKS = YES;
				GCC_WARN_64_TO_32_BIT_CONVERSION = YES;
				GCC_WARN_ABOUT_RETURN_TYPE = YES_ERROR;
				GCC_WARN_UNDECLARED_SELECTOR = YES;
				GCC_WARN_UNINITIALIZED_AUTOS = YES_AGGRESSIVE;
				GCC_WARN_UNUSED_FUNCTION = YES;
				GCC_WARN_UNUSED_VARIABLE = YES;
				IPHONEOS_DEPLOYMENT_TARGET = 13.2;
				MTL_ENABLE_DEBUG_INFO = NO;
				MTL_FAST_MATH = YES;
				SDKROOT = iphoneos;
				SWIFT_COMPILATION_MODE = wholemodule;
				SWIFT_OPTIMIZATION_LEVEL = "-O";
				VALIDATE_PRODUCT = YES;
			};
			name = Release;
		};
		6DA8A90F240C9A7B004E313F /* Debug */ = {
			isa = XCBuildConfiguration;
			buildSettings = {
				ASSETCATALOG_COMPILER_APPICON_NAME = AppIcon;
				CODE_SIGN_STYLE = Automatic;
				DEVELOPMENT_TEAM = FHE2BMTPG3;
				INFOPLIST_FILE = FoodTruck/Info.plist;
				LD_RUNPATH_SEARCH_PATHS = (
					"$(inherited)",
					"@executable_path/Frameworks",
				);
				PRODUCT_BUNDLE_IDENTIFIER = com.kurbs.FoodTruck;
				PRODUCT_NAME = "$(TARGET_NAME)";
				SWIFT_VERSION = 5.0;
				TARGETED_DEVICE_FAMILY = "1,2";
			};
			name = Debug;
		};
		6DA8A910240C9A7B004E313F /* Release */ = {
			isa = XCBuildConfiguration;
			buildSettings = {
				ASSETCATALOG_COMPILER_APPICON_NAME = AppIcon;
				CODE_SIGN_STYLE = Automatic;
				DEVELOPMENT_TEAM = FHE2BMTPG3;
				INFOPLIST_FILE = FoodTruck/Info.plist;
				LD_RUNPATH_SEARCH_PATHS = (
					"$(inherited)",
					"@executable_path/Frameworks",
				);
				PRODUCT_BUNDLE_IDENTIFIER = com.kurbs.FoodTruck;
				PRODUCT_NAME = "$(TARGET_NAME)";
				SWIFT_VERSION = 5.0;
				TARGETED_DEVICE_FAMILY = "1,2";
			};
			name = Release;
		};
/* End XCBuildConfiguration section */

/* Begin XCConfigurationList section */
		6DA8A8F5240C9A75004E313F /* Build configuration list for PBXProject "FoodTruck" */ = {
			isa = XCConfigurationList;
			buildConfigurations = (
				6DA8A90C240C9A7B004E313F /* Debug */,
				6DA8A90D240C9A7B004E313F /* Release */,
			);
			defaultConfigurationIsVisible = 0;
			defaultConfigurationName = Release;
		};
		6DA8A90E240C9A7B004E313F /* Build configuration list for PBXNativeTarget "FoodTruck" */ = {
			isa = XCConfigurationList;
			buildConfigurations = (
				6DA8A90F240C9A7B004E313F /* Debug */,
				6DA8A910240C9A7B004E313F /* Release */,
			);
			defaultConfigurationIsVisible = 0;
			defaultConfigurationName = Release;
		};
/* End XCConfigurationList section */

/* Begin XCVersionGroup section */
		B646A54E240CA00E00C3A978 /* FoodTruck.xcdatamodeld */ = {
			isa = XCVersionGroup;
			children = (
				B646A54F240CA00E00C3A978 /* FoodTruck.xcdatamodel */,
			);
			currentVersion = B646A54F240CA00E00C3A978 /* FoodTruck.xcdatamodel */;
			path = FoodTruck.xcdatamodeld;
			sourceTree = "<group>";
			versionGroupType = wrapper.xcdatamodel;
		};
/* End XCVersionGroup section */
	};
	rootObject = 6DA8A8F2240C9A75004E313F /* Project object */;
}
